
Microsoft Visual Studio Solution File, Format Version 12.00
# Visual Studio Version 16
VisualStudioVersion = 16.0.29709.97
MinimumVisualStudioVersion = 10.0.40219.1
Project("{FAE04EC0-301F-11D3-BF4B-00C04F79EFBC}") = "PP_03_WF", "PP_03_WF\PP_03_WF.csproj", "{FE6D318E-C38C-4F6D-A708-20570AC9FA83}"
EndProject
Global
	GlobalSection(SolutionConfigurationPlatforms) = preSolution
		Debug|Any CPU = Debug|Any CPU
		Release|Any CPU = Release|Any CPU
	EndGlobalSection
	GlobalSection(ProjectConfigurationPlatforms) = postSolution
		{FE6D318E-C38C-4F6D-A708-20570AC9FA83}.Debug|Any CPU.ActiveCfg = Debug|Any CPU
		{FE6D318E-C38C-4F6D-A708-20570AC9FA83}.Debug|Any CPU.Build.0 = Debug|Any CPU
		{FE6D318E-C38C-4F6D-A708-20570AC9FA83}.Release|Any CPU.ActiveCfg = Release|Any CPU
		{FE6D318E-C38C-4F6D-A708-20570AC9FA83}.Release|Any CPU.Build.0 = Release|Any CPU
	EndGlobalSection
	GlobalSection(SolutionProperties) = preSolution
		HideSolutionNode = FALSE
	EndGlobalSection
	GlobalSection(ExtensibilityGlobals) = postSolution
		SolutionGuid = {F7DF0D21-2C5C-4961-8C8E-D4B534C8BB21}
	EndGlobalSection
EndGlobal
